id: owc_OOK_Modulator_cplus
label: OOK_Modulator(C++)
category: '[owc]/Signal Processing Blocks'

templates:
  imports: from gnuradio import owc
  make: owc.OOK_Modulator_cplus(${max_mag}, ${min_mag}, ${samples_per_symbol})
  callbacks:
    - set_max_magnitude(${max_mag})
    - set_min_magnitude(${min_mag})

parameters:
- id: max_mag
  label: Maximum Magnitude
  dtype: float
  default: 1.0
  
- id: min_mag
  label: Minimum Magnitude
  dtype: float
  default: 0.0
  
- id: samples_per_symbol
  label: Samples Per Symbol
  dtype: int
  default: 1

inputs:
- label: in0
  dtype: float
  
outputs:
- label: out
  dtype: float
  
asserts:
- ${max_mag > min_mag}
- ${samples_per_symbol > 0}

file_format: 1
