id: owc_Hermitian_Symmetry_i_o_double_vec_size
label: Hermitian Symmetry (Double Vec Size I/O)
category: '[owc]/Signal Processing Blocks'

templates:
  imports: import owc
  make: owc.Hermitian_Symmetry_i_o_double_vec_size(${fft_len})

parameters:
- id: fft_len
  label: FFT Length
  dtype: int
  default: '32'
  
inputs:
-   domain: stream
    dtype: complex
    vlen: ${fft_len}

outputs:
-   domain: stream
    dtype: complex
    vlen: ${fft_len * 2}

asserts:
- ${ fft_len > 0}
- ${ fft_len % 2 == 0}

file_format: 1
