id: owc_VPPM_Modulator_two
label: VPPM_Modulator (two)
category: '[owc]/Signal Processing Blocks'

parameters:
- id: amp
  label: Amplitude
  dtype: float
  default: 0.5
  
- id: mean
  label: Mean
  dtype: float
  default: 0.5
  
- id: samples_per_symbol
  label: Samples Per Symbol
  dtype: int
  default: 2
  
- id: samples_per_pulse
  label: Samples Per Pulse
  dtype: int
  default: 1

inputs:
- label: in
  dtype: float
  
outputs:
- label: out
  dtype: float
  
asserts:
- ${amp > 0}
- ${samples_per_symbol > 0}
- ${samples_per_pulse > 0}
- ${samples_per_pulse < samples_per_symbol}

templates:
    imports: import owc
    make: owc.VPPM_Modulator_two(${amp}, ${mean}, ${samples_per_symbol}, ${samples_per_pulse})
    callbacks:
    - set_amplitude(${amp})
    - set_mean(${mean})

file_format: 1
