id: owc_OWC_Channel_relative_two
label: OWC Channel (relative) with delay, blockage and noise
category: '[owc]'

parameters:
- id: num_inputs
  label: Number of Tx
  dtype: int
  default: '1'
  
- id: num_outputs
  label: Number of Rx
  dtype: int
  default: '1'

- id: emission_angle_array
  label: Emission Angle Array
  default: [1.0]
  dtype: float_vector
  
- id: acceptance_angle_array
  label: Acceptance Angle Array
  default: [1.0]
  dtype: float_vector
  
- id: distance_array
  label: Distance Array
  default: [1.0]
  dtype: float_vector
  
- id: lambertian_order_array
  label: Lambertian Order Array
  default: [1.0]
  dtype: float_vector
  
- id: photosensor_area_array
  label: Photosensor Area Array
  default: [1.0]
  dtype: float_vector
  
- id: optical_filter_transmittance_array
  label: Optical Filter Transmittance Array
  default: [1.0]
  dtype: float_vector
  
- id: refractive_index_array
  label: Refractive Index Array
  default: [1.0]
  dtype: float_vector
  
- id: concentrator_FOV_array
  label: Concentrator FOV Array
  default: [90]
  dtype: float_vector
  
- id: E2O_conversion_factor_array
  label: E2O Conversion Factor Array
  default: [1.0]
  dtype: float_vector
  
- id: O2E_conversion_factor_array
  label: O2E Conversion Factor Array
  default: [1.0]
  dtype: float_vector
  
- id: sample_rate
  label: Sample Rate
  dtype: int
  default: '100000'
  
- id: blockage_array
  label: Blockages Array
  default: [1]
  dtype: int_vector
  
- id: noise_power_array
  label: Noise Power Array
  default: [0]
  dtype: float_vector
   
inputs:
- label: in
  domain: stream
  dtype: float
  multiplicity: ${num_inputs}
outputs:
- label: out
  domain: stream
  dtype: float
  multiplicity: ${num_outputs}
  
asserts:
- ${num_inputs > 0}
- ${num_outputs > 0}
  
templates:
    imports: import owc
    make: owc.OWC_Channel_relative_two(${num_inputs}, ${num_outputs}, ${emission_angle_array}, ${acceptance_angle_array}, ${distance_array}, ${lambertian_order_array}, ${photosensor_area_array}, ${optical_filter_transmittance_array}, ${refractive_index_array}, ${concentrator_FOV_array}, ${E2O_conversion_factor_array}, ${O2E_conversion_factor_array}, ${sample_rate}, ${blockage_array}, ${noise_power_array})
    callbacks:
    - set_emission_angle_array(${emission_angle_array})
    - set_acceptance_angle_array(${acceptance_angle_array})
    - set_distance_array(${distance_array})
    - set_lambertian_order_array(${lambertian_order_array})
    - set_blockage_array(${blockage_array})
    - set_noise_power_array(${noise_power_array})
    
file_format: 1
